
Microsoft Visual Studio Solution File, Format Version 12.00
# Visual Studio Version 16
VisualStudioVersion = 16.0.29418.71
MinimumVisualStudioVersion = 10.0.40219.1
Project("{9A19103F-16F7-4668-BE54-9A1E7A4F7556}") = "Task6", "Task6\Task6.csproj", "{185875BE-4E73-4C99-A75E-73C98934A551}"
EndProject
Global
	GlobalSection(SolutionConfigurationPlatforms) = preSolution
		Debug|Any CPU = Debug|Any CPU
		Release|Any CPU = Release|Any CPU
	EndGlobalSection
	GlobalSection(ProjectConfigurationPlatforms) = postSolution
		{185875BE-4E73-4C99-A75E-73C98934A551}.Debug|Any CPU.ActiveCfg = Debug|Any CPU
		{185875BE-4E73-4C99-A75E-73C98934A551}.Debug|Any CPU.Build.0 = Debug|Any CPU
		{185875BE-4E73-4C99-A75E-73C98934A551}.Release|Any CPU.ActiveCfg = Release|Any CPU
		{185875BE-4E73-4C99-A75E-73C98934A551}.Release|Any CPU.Build.0 = Release|Any CPU
	EndGlobalSection
	GlobalSection(SolutionProperties) = preSolution
		HideSolutionNode = FALSE
	EndGlobalSection
	GlobalSection(ExtensibilityGlobals) = postSolution
		SolutionGuid = {FD8A64AF-778F-47E7-B8B2-C6D27E30F1AE}
	EndGlobalSection
EndGlobal
