
Microsoft Visual Studio Solution File, Format Version 12.00
# Visual Studio Version 16
VisualStudioVersion = 16.0.30804.86
MinimumVisualStudioVersion = 10.0.40219.1
Project("{FAE04EC0-301F-11D3-BF4B-00C04F79EFBC}") = "Task4_Restful", "Task4_Restful\Task4_Restful.csproj", "{C53A35F9-90A4-4D95-B135-2EDCDA6FDBA7}"
EndProject
Global
	GlobalSection(SolutionConfigurationPlatforms) = preSolution
		Debug|Any CPU = Debug|Any CPU
		Release|Any CPU = Release|Any CPU
	EndGlobalSection
	GlobalSection(ProjectConfigurationPlatforms) = postSolution
		{C53A35F9-90A4-4D95-B135-2EDCDA6FDBA7}.Debug|Any CPU.ActiveCfg = Debug|Any CPU
		{C53A35F9-90A4-4D95-B135-2EDCDA6FDBA7}.Debug|Any CPU.Build.0 = Debug|Any CPU
		{C53A35F9-90A4-4D95-B135-2EDCDA6FDBA7}.Release|Any CPU.ActiveCfg = Release|Any CPU
		{C53A35F9-90A4-4D95-B135-2EDCDA6FDBA7}.Release|Any CPU.Build.0 = Release|Any CPU
	EndGlobalSection
	GlobalSection(SolutionProperties) = preSolution
		HideSolutionNode = FALSE
	EndGlobalSection
	GlobalSection(ExtensibilityGlobals) = postSolution
		SolutionGuid = {169A2AD4-B385-4358-AAC4-69C8C01D0F8F}
	EndGlobalSection
EndGlobal
